
Microsoft Visual Studio Solution File, Format Version 12.00
# Visual Studio 2013
VisualStudioVersion = 12.0.31101.0
MinimumVisualStudioVersion = 10.0.40219.1
Project("{8BC9CEB8-8B4A-11D0-8D11-00A0C91BC942}") = "ndsp", "ndsp\ndsp.vcxproj", "{BA7F9D97-05CB-4BC0-BCB7-7B31ABBA61F7}"
EndProject
Project("{8BC9CEB8-8B4A-11D0-8D11-00A0C91BC942}") = "playground", "playground\playground.vcxproj", "{ADE3DECA-B587-4A2F-9CBE-FB7AB60E63AF}"
EndProject
Project("{8BC9CEB8-8B4A-11D0-8D11-00A0C91BC942}") = "test", "test\test.vcxproj", "{4E80356C-CD6A-48C8-B771-1922E20AACFE}"
EndProject
Global
	GlobalSection(SolutionConfigurationPlatforms) = preSolution
		Debug|x64 = Debug|x64
		Release|x64 = Release|x64
	EndGlobalSection
	GlobalSection(ProjectConfigurationPlatforms) = postSolution
		{BA7F9D97-05CB-4BC0-BCB7-7B31ABBA61F7}.Debug|x64.ActiveCfg = Debug|x64
		{BA7F9D97-05CB-4BC0-BCB7-7B31ABBA61F7}.Debug|x64.Build.0 = Debug|x64
		{BA7F9D97-05CB-4BC0-BCB7-7B31ABBA61F7}.Release|x64.ActiveCfg = Release|x64
		{BA7F9D97-05CB-4BC0-BCB7-7B31ABBA61F7}.Release|x64.Build.0 = Release|x64
		{ADE3DECA-B587-4A2F-9CBE-FB7AB60E63AF}.Debug|x64.ActiveCfg = Debug|x64
		{ADE3DECA-B587-4A2F-9CBE-FB7AB60E63AF}.Debug|x64.Build.0 = Debug|x64
		{ADE3DECA-B587-4A2F-9CBE-FB7AB60E63AF}.Release|x64.ActiveCfg = Release|x64
		{ADE3DECA-B587-4A2F-9CBE-FB7AB60E63AF}.Release|x64.Build.0 = Release|x64
		{4E80356C-CD6A-48C8-B771-1922E20AACFE}.Debug|x64.ActiveCfg = Debug|x64
		{4E80356C-CD6A-48C8-B771-1922E20AACFE}.Debug|x64.Build.0 = Debug|x64
		{4E80356C-CD6A-48C8-B771-1922E20AACFE}.Release|x64.ActiveCfg = Release|x64
		{4E80356C-CD6A-48C8-B771-1922E20AACFE}.Release|x64.Build.0 = Release|x64
	EndGlobalSection
	GlobalSection(SolutionProperties) = preSolution
		HideSolutionNode = FALSE
	EndGlobalSection
EndGlobal
